
Microsoft Visual Studio Solution File, Format Version 12.00
# Visual Studio 15
Project("{FAE04EC0-301F-11D3-BF4B-00C04F79EFBC}") = "Assembly-CSharp", "Assembly-CSharp.csproj", "{8DA692C3-0D6D-29C2-3107-F3A73F31FEBD}"
EndProject
Project("{FAE04EC0-301F-11D3-BF4B-00C04F79EFBC}") = "Assembly-CSharp-Editor", "Assembly-CSharp-Editor.csproj", "{707C2AA9-1265-0612-B1AE-BC2ACB219BF6}"
EndProject
Global
	GlobalSection(SolutionConfigurationPlatforms) = preSolution
		Debug|Any CPU = Debug|Any CPU
		Release|Any CPU = Release|Any CPU
	EndGlobalSection
	GlobalSection(ProjectConfigurationPlatforms) = postSolution
		{8DA692C3-0D6D-29C2-3107-F3A73F31FEBD}.Debug|Any CPU.ActiveCfg = Debug|Any CPU
		{8DA692C3-0D6D-29C2-3107-F3A73F31FEBD}.Debug|Any CPU.Build.0 = Debug|Any CPU
		{8DA692C3-0D6D-29C2-3107-F3A73F31FEBD}.Release|Any CPU.ActiveCfg = Release|Any CPU
		{8DA692C3-0D6D-29C2-3107-F3A73F31FEBD}.Release|Any CPU.Build.0 = Release|Any CPU
		{707C2AA9-1265-0612-B1AE-BC2ACB219BF6}.Debug|Any CPU.ActiveCfg = Debug|Any CPU
		{707C2AA9-1265-0612-B1AE-BC2ACB219BF6}.Debug|Any CPU.Build.0 = Debug|Any CPU
		{707C2AA9-1265-0612-B1AE-BC2ACB219BF6}.Release|Any CPU.ActiveCfg = Release|Any CPU
		{707C2AA9-1265-0612-B1AE-BC2ACB219BF6}.Release|Any CPU.Build.0 = Release|Any CPU
	EndGlobalSection
	GlobalSection(SolutionProperties) = preSolution
		HideSolutionNode = FALSE
	EndGlobalSection
EndGlobal
